github.com/bitly/go-hostpool v0.0.0-20171023180738-a3a6125de932 h1:mXoPYz/Ul5HYEDvkta6I8/rnYM5gSdSV2tJ6XbZuEtY=
github.com/bitly/go-hostpool v0.0.0-20171023180738-a3a6125de932/go.mod h1:NOuUCSz6Q9T7+igc/hlvDOUdtWKryOrtFyIVABv/p7k=
github.com/bmizerany/assert v0.0.0-20160611221934-b7ed37b82869 h1:DDGfHa7BWjL4YnC6+E63dPcxHo2sUxDIu8g3QgEJdRY=
github.com/bmizerany/assert v0.0.0-20160611221934-b7ed37b82869/go.mod h1:Ekp36dRnpXw/yCqJaO+ZrUyxD+3VXMFFr56k5XYrpB4=
github.com/codegangsta/cli v1.3.1-0.20140923033435-f7ebb761e83e h1:VVNtvj5zgZ6eZr469JfB/FPsLZxu7n4KrELOaC0AGAU=
github.com/codegangsta/cli v1.3.1-0.20140923033435-f7ebb761e83e/go.mod h1:/qJNoX69yVSKu5o4jLyXAENLRyk1uhi7zkbQ3slBdOA=
github.com/codegangsta/negroni v0.1.1-0.20141214231541-1dd3ab0ff59e h1:LwJB+Lh8Dd3X/L1kbxwzEWNZlus39HiBDIJ7xO6k/JY=
github.com/codegangsta/negroni v0.1.1-0.20141214231541-1dd3ab0ff59e/go.mod h1:v0y3T5G7Y1UlFfyxFn/QLRU4a2EuNau2iZY63YTKWo0=
github.com/davecgh/go-spew v1.1.0 h1:ZDRjVQ15GmhC3fiQ8ni8+OwkZQO4DARzQgrnXU1Liz8=
github.com/davecgh/go-spew v1.1.0/go.mod h1:J7Y8YcW2NihsgmVo/mv3lAwl/skON4iLHjSsI+c5H38=
github.com/dgrijalva/jwt-go v2.0.1-0.20140915181121-c0da49162251+incompatible h1:PPH1U6CK6oO2SMV1WP91ggk5CoxN0o0OSsCnEgD4N/8=
github.com/dgrijalva/jwt-go v2.0.1-0.20140915181121-c0da49162251+incompatible/go.mod h1:E3ru+11k8xSBh+hMPgOLZmtrrCbhqsmaPHjLKYnJCaQ=
github.com/ejholmes/flock v0.0.0-20150228180620-3c37e99d21fd h1:pMpUtPiE+AhEhc8wWouqQrwnCRUY5QOHd9eAixQW9MU=
github.com/ejholmes/flock v0.0.0-20150228180620-3c37e99d21fd/go.mod h1:5qI/6OXvt2Q9Z5hT8o2f9i+jjdjwwN5mqBRFbw8+8HQ=
github.com/ejholmes/hookshot v0.0.0-20150722050242-70f39e4f31e2 h1:Nlwq/LU47S5NjhUmdiQ3ws35pC8HywCL5y6KJqCZ9zc=
github.com/ejholmes/hookshot v0.0.0-20150722050242-70f39e4f31e2/go.mod h1:O0zDXk9zfBJxmcrslnj/KUzvC82WjdkbfFeFhnh0brU=
github.com/go-sql-driver/mysql v1.2.1-0.20150219135347-7d52f0fc9e81 h1:RGOQjVcydBIlPzmD7X+qeM/v013LEKoACVYLQWWSiHw=
github.com/go-sql-driver/mysql v1.2.1-0.20150219135347-7d52f0fc9e81/go.mod h1:zAC/RDZ24gD3HViQzih4MyKcchzm+sOG5ZlKdlhCg5w=
github.com/gocql/gocql v0.0.0-20200519160334-799061058e31 h1:j8ONZES5RCZKjrU9gxq47MnkML5gimL6bd6qtfD/Kiw=
github.com/gocql/gocql v0.0.0-20200519160334-799061058e31/go.mod h1:DL0ekTmBSTdlNF25Orwt/JMzqIq3EJ4MVa/J/uK64OY=
github.com/golang/protobuf v1.3.1 h1:YF8+flBXS5eO826T4nzqPrxfhQThhXl0YzfuUPu4SBg=
github.com/golang/protobuf v1.3.1/go.mod h1:6lQm79b+lXiMfvg/cZm0SGofjICqVBUtrP5yJMmIC1U=
github.com/golang/snappy v0.0.0-20170215233205-553a64147049 h1:K9KHZbXKpGydfDN0aZrsoHpLJlZsBrGMFWbgLDGnPZk=
github.com/golang/snappy v0.0.0-20170215233205-553a64147049/go.mod h1:/XxbfmMg8lxefKM7IXC3fBNl/7bRcc72aCRzEWrmP2Q=
github.com/google/go-github v0.0.0-20150126182318-7ea4ee6d2226 h1:wsXtQtSB37LLlQksyCwE3bEdeEN88ul2CCqEqF+qjvY=
github.com/google/go-github v0.0.0-20150126182318-7ea4ee6d2226/go.mod h1:zLgOLi98H3fifZn+44m+umXrS52loVEgC2AApnigrVQ=
github.com/google/go-querystring v0.0.0-20130914073520-ec0a78e0f4db h1:iBPx90ALt87WmB3OOIXLoOqCCJUhXhUVULlx+bSjB/o=
github.com/google/go-querystring v0.0.0-20130914073520-ec0a78e0f4db/go.mod h1:odCYkC5MyYFN7vkCjXpyrEuKhc/BUO6wN/zVPAxq5ck=
github.com/google/uuid v1.1.1 h1:Gkbcsh/GbpXz7lPftLA3P6TYMwjCLYm83jiFQZF/3gY=
github.com/google/uuid v1.1.1/go.mod h1:TIyPZe4MgqvfeYDBFedMoGGpEw/LqOeaOT+nhxU+yHo=
github.com/gorilla/context v0.0.0-20141217160251-215affda49ad h1:wJwKN6X6iRRVnjdBgrkWjhBOvYm7yw5boqXwFUnBtbE=
github.com/gorilla/context v0.0.0-20141217160251-215affda49ad/go.mod h1:kBGZzfjB9CEq2AlWe17Uuf7NDRt0dE0s8S51q0aT7Yg=
github.com/gorilla/mux v0.0.0-20140926153814-e444e69cbd2e h1:nH09qCdJVZxw0nRVfm14xjXkw2puLyLPN56n4u+vTC0=
github.com/gorilla/mux v0.0.0-20140926153814-e444e69cbd2e/go.mod h1:1lud6UwP+6orDFRuTfBEV8e9/aOM/c4fVVCaMa2zaAs=
github.com/hailocab/go-hostpool v0.0.0-20160125115350-e80d13ce29ed h1:5upAirOpQc1Q53c0bnx2ufif5kANL7bfZWcc6VJWJd8=
github.com/hailocab/go-hostpool v0.0.0-20160125115350-e80d13ce29ed/go.mod h1:tMWxXQ9wFIaZeTI9F+hmhFiGpFmhOHzyShyFUhRm0H4=
github.com/joshk/pusher v0.0.0-20130925132008-011114c803b3 h1:aVSx5V2tH2SHXAVDr3al6tA9joYbg9iNoBINLieDGNg=
github.com/joshk/pusher v0.0.0-20130925132008-011114c803b3/go.mod h1:tPCk10ElxWbyNzPzCB5E5PZPy70mod5PX9cMQ/cqpjU=
github.com/kr/githubauth v0.0.0-20150116045358-95d2c115027b h1:H576Ys6zXmDi6+zwXxFH7GHDIrf3zL/U5OgW0Cc3HDE=
github.com/kr/githubauth v0.0.0-20150116045358-95d2c115027b/go.mod h1:s7kUnJcxnXTlqxi/CT4vTkAAHEa0865yd5x3Fk9Kwco=
github.com/kr/pretty v0.1.0 h1:L/CwN0zerZDmRFUapSPitk6f+Q3+0za1rQkzVuMiMFI=
github.com/kr/pretty v0.1.0/go.mod h1:dAy3ld7l9f0ibDNOQOHHMYYIIbhfbHSm3C4ZsoJORNo=
github.com/kr/pty v1.1.1/go.mod h1:pFQYn66WHrOpPYNljwOMqo10TkYh1fy3cYio2l3bCsQ=
github.com/kr/session v0.0.0-20150116042238-baa866e82c31 h1:GBHOZkDx5g8Pib09cVJozc/m7EOtoAjYOeTvszlWPg8=
github.com/kr/session v0.0.0-20150116042238-baa866e82c31/go.mod h1:gjBVtop+recSBp3fMPxD8cd1l35SZa/ltLlm9cBoRGU=
github.com/kr/text v0.1.0 h1:45sCR5RtlFHMR4UwH9sdQ5TC8v0qDQCHnXt+kaKSTVE=
github.com/kr/text v0.1.0/go.mod h1:4Jbv+DJW3UT/LiOwJeYQe1efqtUx/iVham/4vfdArNI=
github.com/lib/pq v0.0.0-20150205084238-73672c224312 h1:V3CIN73PtqpRtjXKhyucbJ4IXbXyTa/Tl4Zsfv0jRXM=
github.com/lib/pq v0.0.0-20150205084238-73672c224312/go.mod h1:5WUZQaWbwv1U+lTReE5YruASi9Al49XbQIvNi/34Woo=
github.com/mattes/migrate v1.2.0 h1:7SvNbu7ircQGclHwkvwocJBQwHIr0bI2NKNxIZY22DY=
github.com/mattes/migrate v1.2.0/go.mod h1:LJcqgpj1jQoxv3m2VXd3drv0suK5CbN/RCX7MXwgnVI=
github.com/mattn/go-sqlite3 v2.0.3+incompatible h1:gXHsfypPkaMZrKbD5209QV9jbUTJKjyR5WD3HYQSd+U=
github.com/mattn/go-sqlite3 v2.0.3+incompatible/go.mod h1:FPy6KqzDD04eiIsT53CuJW3U88zkxoIYsOqkbpncsNc=
github.com/pmezard/go-difflib v1.0.0 h1:4DBwDE0NGyQoBHbLQYPwSUPoCMWR5BEzIk/f1lZbAQM=
github.com/pmezard/go-difflib v1.0.0/go.mod h1:iKH77koFhYxTK1pcRnkKkqfTogsbg7gZNVY4sRDYZ/4=
github.com/stretchr/objx v0.1.0/go.mod h1:HFkY916IF+rwdDfMAkV7OtwuqBVzrE8GR6GFx+wExME=
github.com/stretchr/testify v1.3.0 h1:TivCn/peBQ7UY8ooIcPgZFpTNSz0Q2U6UrFlUfqbe0Q=
github.com/stretchr/testify v1.3.0/go.mod h1:M5WIy9Dh21IEIfnGCwXGc5bZfKNJtfHm1UVUgZn+9EI=
github.com/ziutek/mymysql v1.5.4 h1:GB0qdRGsTwQSBVYuVShFBKaXSnSnYYC2d9knnE1LHFs=
github.com/ziutek/mymysql v1.5.4/go.mod h1:LMSpPZ6DbqWFxNCHW77HeMg9I646SAhApZ/wKdgO/C0=
golang.org/x/crypto v0.0.0-20190308221718-c2843e01d9a2 h1:VklqNMn3ovrHsnt90PveolxSbWFaJdECFbxSq0Mqo2M=
golang.org/x/crypto v0.0.0-20190308221718-c2843e01d9a2/go.mod h1:djNgcEr1/C05ACkg1iLfiJU5Ep61QUkGW8qpdssI0+w=
golang.org/x/net v0.0.0-20190603091049-60506f45cf65 h1:+rhAzEzT3f4JtomfC371qB+0Ola2caSKcY69NUBZrRQ=
golang.org/x/net v0.0.0-20190603091049-60506f45cf65/go.mod h1:HSz+uSET+XFnRR8LxR5pz3Of3rY3CfYBVs4xY44aLks=
golang.org/x/oauth2 v0.0.0-20150325020022-11c60b6f71a6 h1:apfQUhxRCBUm6A9Fk/Oe3v+AgsztOOtOIEt+QomUgc8=
golang.org/x/oauth2 v0.0.0-20150325020022-11c60b6f71a6/go.mod h1:N/0e6XlmueqKjAGxoOufVs8QHGRruUQn6yWY3a++T0U=
golang.org/x/sys v0.0.0-20190215142949-d0b11bdaac8a h1:1BGLXjeY4akVXGgbC9HugT3Jv3hCI0z56oJR5vAMgBU=
golang.org/x/sys v0.0.0-20190215142949-d0b11bdaac8a/go.mod h1:STP8DvDyc/dI5b8T5hshtkjS+E42TnysNCUPdjciGhY=
golang.org/x/text v0.3.0/go.mod h1:NqM8EUOU14njkJ3fqMW+pc6Ldnwhi/IjpwHt7yyuwOQ=
golang.org/x/text v0.3.2/go.mod h1:bEr9sfX3Q8Zfm5fL9x+3itogRgK3+ptLWKqgva+5dAk=
golang.org/x/tools v0.0.0-20180917221912-90fa682c2a6e/go.mod h1:n7NCudcB/nEzxVGmLbDWY5pfWTLqBcC2KZ6jyYvM4mQ=
google.golang.org/appengine v1.6.6 h1:lMO5rYAqUxkmaj76jAkRUvt5JZgFymx/+Q5Mzfivuhc=
google.golang.org/appengine v1.6.6/go.mod h1:8WjMMxjGQR8xUklV/ARdw2HLXBOI7O7uCIDZVag1xfc=
gopkg.in/gorp.v1 v1.7.1 h1:GBB9KrWRATQZh95HJyVGUZrWwOPswitEYEyqlK8JbAA=
gopkg.in/gorp.v1 v1.7.1/go.mod h1:Wo3h+DBQZIxATwftsglhdD/62zRFPhGhTiu5jUJmCaw=
gopkg.in/inf.v0 v0.9.1 h1:73M5CoZyi3ZLMOyDlQh031Cx6N9NDJ2Vvfl76EDAgDc=
gopkg.in/inf.v0 v0.9.1/go.mod h1:cWUDdTG/fYaXco+Dcufb5Vnc6Gp2YChqWtbxRZE0mXw=
